
Microsoft Visual Studio Solution File, Format Version 12.00
# Visual Studio Version 17
VisualStudioVersion = 17.12.35521.163
MinimumVisualStudioVersion = 10.0.40219.1
Project("{2150E333-8FDC-42A3-9474-1A3956D46DE8}") = "01 - Application", "01 - Application", "{B349C81E-7204-4CFE-B230-5BFB2233FB38}"
EndProject
Project("{2150E333-8FDC-42A3-9474-1A3956D46DE8}") = "Api", "Api", "{805AC956-6D6F-405B-AB82-DE162DB29520}"
EndProject
Project("{2150E333-8FDC-42A3-9474-1A3956D46DE8}") = "02 - Domain", "02 - Domain", "{03E0D316-86EF-46AA-9363-0A59E9725AAF}"
EndProject
Project("{2150E333-8FDC-42A3-9474-1A3956D46DE8}") = "Core", "Core", "{CF2F8A77-C747-4808-B055-346C119939AA}"
EndProject
Project("{9A19103F-16F7-4668-BE54-9A1E7A4F7556}") = "GoldenRaspberryAwards.Api", "src\GoldenRaspberryAwards.Api\GoldenRaspberryAwards.Api.csproj", "{C2F6B517-D451-48DA-860D-B8947B630FF2}"
EndProject
Project("{2150E333-8FDC-42A3-9474-1A3956D46DE8}") = "03 - Service", "03 - Service", "{F2966719-EE90-4456-8270-CEA3EE66B81A}"
EndProject
Project("{2150E333-8FDC-42A3-9474-1A3956D46DE8}") = "04 - Infra", "04 - Infra", "{EB03555A-0C04-4BF4-A9D1-D325D8564D11}"
EndProject
Project("{2150E333-8FDC-42A3-9474-1A3956D46DE8}") = "Infrastructure", "Infrastructure", "{ACFEA4EE-404A-4327-8E43-F00E85E2A2C5}"
EndProject
Project("{9A19103F-16F7-4668-BE54-9A1E7A4F7556}") = "GoldenRaspberryAwards.Core", "src\GoldenRaspberryAwards.Core\GoldenRaspberryAwards.Core.csproj", "{0AF5AD84-96E1-498E-BE6D-915F488407E1}"
EndProject
Project("{9A19103F-16F7-4668-BE54-9A1E7A4F7556}") = "GoldenRaspberryAwards.Infrastructure", "src\GoldenRaspberryAwards.Infrastructure\GoldenRaspberryAwards.Infrastructure.csproj", "{E2F7DB97-BAA5-43A1-A9B2-96CADA2E8ECA}"
EndProject
Project("{2150E333-8FDC-42A3-9474-1A3956D46DE8}") = "Loader Services", "Loader Services", "{5089A5F6-025D-4BD1-85C8-FF8941781C75}"
EndProject
Project("{9A19103F-16F7-4668-BE54-9A1E7A4F7556}") = "GoldenRaspberryAwards.CsvDataLoader", "src\CsvDataLoader.Service\GoldenRaspberryAwards.CsvDataLoader.csproj", "{A7C39237-97B8-44D4-A4E2-F0A16EF5FEE9}"
EndProject
Project("{2150E333-8FDC-42A3-9474-1A3956D46DE8}") = "Shared", "Shared", "{27D678AE-AD78-43FD-B938-08E5C908E088}"
EndProject
Project("{9A19103F-16F7-4668-BE54-9A1E7A4F7556}") = "GoldenRaspberryAwards.SharedServices", "src\GoldenRaspberryAwards.SharedServices\GoldenRaspberryAwards.SharedServices.csproj", "{2E82C546-5B0A-4B89-BBE8-972559BEE200}"
EndProject
Project("{2150E333-8FDC-42A3-9474-1A3956D46DE8}") = "Identity", "Identity", "{0A1866FB-A528-41E7-AE16-5E23EB48BF59}"
EndProject
Project("{9A19103F-16F7-4668-BE54-9A1E7A4F7556}") = "GoldenRaspberryAwards.Identity", "src\GoldenRaspberryAwards.Identity\GoldenRaspberryAwards.Identity.csproj", "{1E8A9A16-051B-4132-A6D6-C2FB03A13B12}"
EndProject
Project("{2150E333-8FDC-42A3-9474-1A3956D46DE8}") = "Tests", "Tests", "{FC71BE45-4F52-4411-B477-800EC20E2BDB}"
EndProject
Project("{2150E333-8FDC-42A3-9474-1A3956D46DE8}") = "ApplicationTests", "ApplicationTests", "{5C2A77EA-0BE1-4493-87B1-D8AF16549487}"
EndProject
Project("{2150E333-8FDC-42A3-9474-1A3956D46DE8}") = "DomainTests", "DomainTests", "{9D1EF81A-4AAF-454E-A9B8-ED8C013A4214}"
EndProject
Project("{2150E333-8FDC-42A3-9474-1A3956D46DE8}") = "InfrastructureTests", "InfrastructureTests", "{E552238D-7DB1-4265-9FD8-C46B1E86E052}"
EndProject
Project("{2150E333-8FDC-42A3-9474-1A3956D46DE8}") = "ServiceTests", "ServiceTests", "{5E897BC1-7825-43DB-9690-91C534249133}"
EndProject
Project("{FAE04EC0-301F-11D3-BF4B-00C04F79EFBC}") = "GoldenRaspberryAwards.Api.Tests", "test\GoldenRaspberryAwards.Api.Tests\GoldenRaspberryAwards.Api.Tests.csproj", "{55EF9B79-E51D-4696-BA71-C84C06991026}"
EndProject
Project("{FAE04EC0-301F-11D3-BF4B-00C04F79EFBC}") = "GoldenRaspberryAwards.Core.Tests", "test\GoldenRaspberryAwards.Core.Tests\GoldenRaspberryAwards.Core.Tests.csproj", "{1C8B15B8-48AE-46B5-9027-BB1D8657D550}"
EndProject
Project("{FAE04EC0-301F-11D3-BF4B-00C04F79EFBC}") = "GoldenRaspberryAwards.Infrastructure.Tests", "test\GoldenRaspberryAwards.Infrastructure.Tests\GoldenRaspberryAwards.Infrastructure.Tests.csproj", "{7BFD493C-0EF1-48AB-9432-41462AC8179A}"
EndProject
Project("{FAE04EC0-301F-11D3-BF4B-00C04F79EFBC}") = "GoldenRaspberryAwards.CsvDataLoader.Tests", "test\GoldenRaspberryAwards.CsvDataLoader.Tests\GoldenRaspberryAwards.CsvDataLoader.Tests.csproj", "{D69D4549-9B17-4980-9EA3-0335A1FEE163}"
EndProject
Global
	GlobalSection(SolutionConfigurationPlatforms) = preSolution
		Debug|Any CPU = Debug|Any CPU
		Release|Any CPU = Release|Any CPU
	EndGlobalSection
	GlobalSection(ProjectConfigurationPlatforms) = postSolution
		{C2F6B517-D451-48DA-860D-B8947B630FF2}.Debug|Any CPU.ActiveCfg = Debug|Any CPU
		{C2F6B517-D451-48DA-860D-B8947B630FF2}.Debug|Any CPU.Build.0 = Debug|Any CPU
		{C2F6B517-D451-48DA-860D-B8947B630FF2}.Release|Any CPU.ActiveCfg = Release|Any CPU
		{C2F6B517-D451-48DA-860D-B8947B630FF2}.Release|Any CPU.Build.0 = Release|Any CPU
		{0AF5AD84-96E1-498E-BE6D-915F488407E1}.Debug|Any CPU.ActiveCfg = Debug|Any CPU
		{0AF5AD84-96E1-498E-BE6D-915F488407E1}.Debug|Any CPU.Build.0 = Debug|Any CPU
		{0AF5AD84-96E1-498E-BE6D-915F488407E1}.Release|Any CPU.ActiveCfg = Release|Any CPU
		{0AF5AD84-96E1-498E-BE6D-915F488407E1}.Release|Any CPU.Build.0 = Release|Any CPU
		{E2F7DB97-BAA5-43A1-A9B2-96CADA2E8ECA}.Debug|Any CPU.ActiveCfg = Debug|Any CPU
		{E2F7DB97-BAA5-43A1-A9B2-96CADA2E8ECA}.Debug|Any CPU.Build.0 = Debug|Any CPU
		{E2F7DB97-BAA5-43A1-A9B2-96CADA2E8ECA}.Release|Any CPU.ActiveCfg = Release|Any CPU
		{E2F7DB97-BAA5-43A1-A9B2-96CADA2E8ECA}.Release|Any CPU.Build.0 = Release|Any CPU
		{A7C39237-97B8-44D4-A4E2-F0A16EF5FEE9}.Debug|Any CPU.ActiveCfg = Debug|Any CPU
		{A7C39237-97B8-44D4-A4E2-F0A16EF5FEE9}.Debug|Any CPU.Build.0 = Debug|Any CPU
		{A7C39237-97B8-44D4-A4E2-F0A16EF5FEE9}.Release|Any CPU.ActiveCfg = Release|Any CPU
		{A7C39237-97B8-44D4-A4E2-F0A16EF5FEE9}.Release|Any CPU.Build.0 = Release|Any CPU
		{2E82C546-5B0A-4B89-BBE8-972559BEE200}.Debug|Any CPU.ActiveCfg = Debug|Any CPU
		{2E82C546-5B0A-4B89-BBE8-972559BEE200}.Debug|Any CPU.Build.0 = Debug|Any CPU
		{2E82C546-5B0A-4B89-BBE8-972559BEE200}.Release|Any CPU.ActiveCfg = Release|Any CPU
		{2E82C546-5B0A-4B89-BBE8-972559BEE200}.Release|Any CPU.Build.0 = Release|Any CPU
		{1E8A9A16-051B-4132-A6D6-C2FB03A13B12}.Debug|Any CPU.ActiveCfg = Debug|Any CPU
		{1E8A9A16-051B-4132-A6D6-C2FB03A13B12}.Debug|Any CPU.Build.0 = Debug|Any CPU
		{1E8A9A16-051B-4132-A6D6-C2FB03A13B12}.Release|Any CPU.ActiveCfg = Release|Any CPU
		{1E8A9A16-051B-4132-A6D6-C2FB03A13B12}.Release|Any CPU.Build.0 = Release|Any CPU
		{55EF9B79-E51D-4696-BA71-C84C06991026}.Debug|Any CPU.ActiveCfg = Debug|Any CPU
		{55EF9B79-E51D-4696-BA71-C84C06991026}.Debug|Any CPU.Build.0 = Debug|Any CPU
		{55EF9B79-E51D-4696-BA71-C84C06991026}.Release|Any CPU.ActiveCfg = Release|Any CPU
		{55EF9B79-E51D-4696-BA71-C84C06991026}.Release|Any CPU.Build.0 = Release|Any CPU
		{1C8B15B8-48AE-46B5-9027-BB1D8657D550}.Debug|Any CPU.ActiveCfg = Debug|Any CPU
		{1C8B15B8-48AE-46B5-9027-BB1D8657D550}.Debug|Any CPU.Build.0 = Debug|Any CPU
		{1C8B15B8-48AE-46B5-9027-BB1D8657D550}.Release|Any CPU.ActiveCfg = Release|Any CPU
		{1C8B15B8-48AE-46B5-9027-BB1D8657D550}.Release|Any CPU.Build.0 = Release|Any CPU
		{7BFD493C-0EF1-48AB-9432-41462AC8179A}.Debug|Any CPU.ActiveCfg = Debug|Any CPU
		{7BFD493C-0EF1-48AB-9432-41462AC8179A}.Debug|Any CPU.Build.0 = Debug|Any CPU
		{7BFD493C-0EF1-48AB-9432-41462AC8179A}.Release|Any CPU.ActiveCfg = Release|Any CPU
		{7BFD493C-0EF1-48AB-9432-41462AC8179A}.Release|Any CPU.Build.0 = Release|Any CPU
		{D69D4549-9B17-4980-9EA3-0335A1FEE163}.Debug|Any CPU.ActiveCfg = Debug|Any CPU
		{D69D4549-9B17-4980-9EA3-0335A1FEE163}.Debug|Any CPU.Build.0 = Debug|Any CPU
		{D69D4549-9B17-4980-9EA3-0335A1FEE163}.Release|Any CPU.ActiveCfg = Release|Any CPU
		{D69D4549-9B17-4980-9EA3-0335A1FEE163}.Release|Any CPU.Build.0 = Release|Any CPU
	EndGlobalSection
	GlobalSection(SolutionProperties) = preSolution
		HideSolutionNode = FALSE
	EndGlobalSection
	GlobalSection(NestedProjects) = preSolution
		{805AC956-6D6F-405B-AB82-DE162DB29520} = {B349C81E-7204-4CFE-B230-5BFB2233FB38}
		{CF2F8A77-C747-4808-B055-346C119939AA} = {03E0D316-86EF-46AA-9363-0A59E9725AAF}
		{C2F6B517-D451-48DA-860D-B8947B630FF2} = {805AC956-6D6F-405B-AB82-DE162DB29520}
		{ACFEA4EE-404A-4327-8E43-F00E85E2A2C5} = {EB03555A-0C04-4BF4-A9D1-D325D8564D11}
		{0AF5AD84-96E1-498E-BE6D-915F488407E1} = {CF2F8A77-C747-4808-B055-346C119939AA}
		{E2F7DB97-BAA5-43A1-A9B2-96CADA2E8ECA} = {ACFEA4EE-404A-4327-8E43-F00E85E2A2C5}
		{5089A5F6-025D-4BD1-85C8-FF8941781C75} = {F2966719-EE90-4456-8270-CEA3EE66B81A}
		{A7C39237-97B8-44D4-A4E2-F0A16EF5FEE9} = {5089A5F6-025D-4BD1-85C8-FF8941781C75}
		{27D678AE-AD78-43FD-B938-08E5C908E088} = {F2966719-EE90-4456-8270-CEA3EE66B81A}
		{2E82C546-5B0A-4B89-BBE8-972559BEE200} = {27D678AE-AD78-43FD-B938-08E5C908E088}
		{0A1866FB-A528-41E7-AE16-5E23EB48BF59} = {F2966719-EE90-4456-8270-CEA3EE66B81A}
		{1E8A9A16-051B-4132-A6D6-C2FB03A13B12} = {0A1866FB-A528-41E7-AE16-5E23EB48BF59}
		{5C2A77EA-0BE1-4493-87B1-D8AF16549487} = {FC71BE45-4F52-4411-B477-800EC20E2BDB}
		{9D1EF81A-4AAF-454E-A9B8-ED8C013A4214} = {FC71BE45-4F52-4411-B477-800EC20E2BDB}
		{E552238D-7DB1-4265-9FD8-C46B1E86E052} = {FC71BE45-4F52-4411-B477-800EC20E2BDB}
		{5E897BC1-7825-43DB-9690-91C534249133} = {FC71BE45-4F52-4411-B477-800EC20E2BDB}
		{55EF9B79-E51D-4696-BA71-C84C06991026} = {5C2A77EA-0BE1-4493-87B1-D8AF16549487}
		{1C8B15B8-48AE-46B5-9027-BB1D8657D550} = {9D1EF81A-4AAF-454E-A9B8-ED8C013A4214}
		{7BFD493C-0EF1-48AB-9432-41462AC8179A} = {E552238D-7DB1-4265-9FD8-C46B1E86E052}
		{D69D4549-9B17-4980-9EA3-0335A1FEE163} = {5E897BC1-7825-43DB-9690-91C534249133}
	EndGlobalSection
	GlobalSection(ExtensibilityGlobals) = postSolution
		SolutionGuid = {26A5242F-B639-4A2F-A008-7F2797F884A6}
	EndGlobalSection
EndGlobal
